PODS:
  - FAPanels (1.0.2)
  - Masonry (1.1.0)

DEPENDENCIES:
  - FAPanels (from `../`)
  - Masonry

SPEC REPOS:
  https://github.com/cocoapods/specs.git:
    - Masonry

EXTERNAL SOURCES:
  FAPanels:
    :path: "../"

SPEC CHECKSUMS:
  FAPanels: f2c79774e25bb1bfe635ebdf66ee77aa9a674ec3
  Masonry: 678fab65091a9290e40e2832a55e7ab731aad201

PODFILE CHECKSUM: 4f88e7701357ef2fadb6ae8ed722d80da2cd4757

COCOAPODS: 1.5.3
